{
  "version": 2,
  "dependencies": {
    "net10.0": {
      "Microsoft.Extensions.FileProviders.Embedded": {
        "type": "Direct",
        "requested": "[10.0.9, )",
        "resolved": "10.0.9",
        "contentHash": "UpRgjjSUmF7KYZTIv1Zd2Y0Wv2oK9jE+Jmyp4UMynTowjvJGG1yrRe2JodYyVgcDgZF2auGwYEl+U0J1+YhBRw==",
        "dependencies": {
          "Microsoft.Extensions.FileProviders.Abstractions": "10.0.9"
        }
      },
      "Volo.Abp.Validation": {
        "type": "Direct",
        "requested": "[10.4.1, )",
        "resolved": "10.4.1",
        "contentHash": "+d72uMd/d1+istqLgzaQFrJJXnC0Jp0tRqVZURU05H1HTCDYI6UlmlL1WV30m29MmR8TsRlF6gHXvV9Cur7Haw==",
        "dependencies": {
          "Volo.Abp.Localization": "10.4.1",
          "Volo.Abp.Validation.Abstractions": "10.4.1"
        }
      },
      "JetBrains.Annotations": {
        "type": "Transitive",
        "resolved": "2025.2.2",
        "contentHash": "0X56ZRizuHdrnPpgXjWV7f2tQO1FlQg5O1967OGKnI/4ZRNOK642J8L7brM1nYvrxTTU5TP1yRyXLRLaXLPQ8A=="
      },
      "Microsoft.Extensions.Configuration": {
        "type": "Transitive",
        "resolved": "10.0.7",
        "contentHash": "wZbGh7J8R1vXN525O6d8dlcDTxhRTnd5MyW4LdfP5S0tSnTwTCseYSrq6g0Mxh7W9xn8P/2xPuf0D/m6k2dy2w==",
        "dependencies": {
          "Microsoft.Extensions.Configuration.Abstractions": "10.0.7",
          "Microsoft.Extensions.Primitives": "10.0.7"
        }
      },
      "Microsoft.Extensions.Configuration.Abstractions": {
        "type": "Transitive",
        "resolved": "10.0.7",
        "contentHash": "t56nEgvECcyLPojZIUFWJknQQDAbgfTf9J+QMYJE1YYvVgz69vN6B/AKL8Grvj3Lcnp8kTpNqwmwFhb3YLJmtQ==",
        "dependencies": {
          "Microsoft.Extensions.Primitives": "10.0.7"
        }
      },
      "Microsoft.Extensions.Configuration.Binder": {
        "type": "Transitive",
        "resolved": "10.0.7",
        "contentHash": "8bS1qIaRivny+WX+49pmeJ6iAylbtX8C0DLEcCQWZjdxQvLqaMssXiGD9P/6pYElrHbK5/nAHmjbQ8STqdMYeg==",
        "dependencies": {
          "Microsoft.Extensions.Configuration": "10.0.7",
          "Microsoft.Extensions.Configuration.Abstractions": "10.0.7"
        }
      },
      "Microsoft.Extensions.Configuration.CommandLine": {
        "type": "Transitive",
        "resolved": "10.0.7",
        "contentHash": "3lNjglxfFxOzI9zG+3HSg/YSGqo//8Fqw6u6iuIamZb4JCorbA3JLaeWOpfKTAPi2UJwaispOXWx14dUqcGz4A==",
        "dependencies": {
          "Microsoft.Extensions.Configuration": "10.0.7",
          "Microsoft.Extensions.Configuration.Abstractions": "10.0.7"
        }
      },
      "Microsoft.Extensions.Configuration.EnvironmentVariables": {
        "type": "Transitive",
        "resolved": "10.0.7",
        "contentHash": "TWto3imA+mJMLZI+5sbgLiFFoOFNFkizQYNaC5jTuiHKn3diwm1RN7mWDOEZN9kG2bixw7IvgpvtUG5/teSRzA==",
        "dependencies": {
          "Microsoft.Extensions.Configuration": "10.0.7",
          "Microsoft.Extensions.Configuration.Abstractions": "10.0.7"
        }
      },
      "Microsoft.Extensions.Configuration.FileExtensions": {
        "type": "Transitive",
        "resolved": "10.0.7",
        "contentHash": "qbZLvLsoTdArSloEnSxs21P781YUmwVmHc5NJPQD/ezAreQ7884z+6QfAZVKi86WAZtzx83jK2uC4itxOM44gQ==",
        "dependencies": {
          "Microsoft.Extensions.Configuration": "10.0.7",
          "Microsoft.Extensions.Configuration.Abstractions": "10.0.7",
          "Microsoft.Extensions.FileProviders.Abstractions": "10.0.7",
          "Microsoft.Extensions.FileProviders.Physical": "10.0.7",
          "Microsoft.Extensions.Primitives": "10.0.7"
        }
      },
      "Microsoft.Extensions.Configuration.Json": {
        "type": "Transitive",
        "resolved": "10.0.7",
        "contentHash": "64dimvyyKk0dbUbrLg/YCv4ugJ4sVz2aXLwfvZwR1EC4tJqW9ru/oVRcXwoJRa2lQGXtYtlpk4maWOeIb48tQw==",
        "dependencies": {
          "Microsoft.Extensions.Configuration": "10.0.7",
          "Microsoft.Extensions.Configuration.Abstractions": "10.0.7",
          "Microsoft.Extensions.Configuration.FileExtensions": "10.0.7",
          "Microsoft.Extensions.FileProviders.Abstractions": "10.0.7"
        }
      },
      "Microsoft.Extensions.Configuration.UserSecrets": {
        "type": "Transitive",
        "resolved": "10.0.7",
        "contentHash": "YqVIICoIdl0016wkeO2WQS+uEbEXbUhMLKdC5rZNl1X3nu59F+nwaAHdHjq/4OK+Cx31DYmNUSFh+MUot8qSDw==",
        "dependencies": {
          "Microsoft.Extensions.Configuration.Abstractions": "10.0.7",
          "Microsoft.Extensions.Configuration.Json": "10.0.7",
          "Microsoft.Extensions.FileProviders.Abstractions": "10.0.7",
          "Microsoft.Extensions.FileProviders.Physical": "10.0.7"
        }
      },
      "Microsoft.Extensions.DependencyInjection": {
        "type": "Transitive",
        "resolved": "10.0.7",
        "contentHash": "91F/o3emPV/+xY/ip3s2LqDNF14kjttlVtq0BXgg6p4MnCzeSZxnUJm+t6WRrtD3JdGo88/oX+z7OwK4y8PZuw==",
        "dependencies": {
          "Microsoft.Extensions.DependencyInjection.Abstractions": "10.0.7"
        }
      },
      "Microsoft.Extensions.DependencyInjection.Abstractions": {
        "type": "Transitive",
        "resolved": "10.0.7",
        "contentHash": "Z6mfFEaFcwCfSboxJwOLfu7/31npCY9q70WUamHW/vRQhDvBKOT4Vf9YkZj5J6hLvJpb0oDEYfHunQZj0xxvKw=="
      },
      "Microsoft.Extensions.Diagnostics.Abstractions": {
        "type": "Transitive",
        "resolved": "10.0.7",
        "contentHash": "uJ9JP677y+uy+C0vtaSfi7XXgFAdz8DhU3M9lwwIXDfQKcyQ0yxM9DVYa0NXDtdVTYA2eBUtVFZ8LY0GCdeE/w==",
        "dependencies": {
          "Microsoft.Extensions.DependencyInjection.Abstractions": "10.0.7",
          "Microsoft.Extensions.Options": "10.0.7"
        }
      },
      "Microsoft.Extensions.FileProviders.Abstractions": {
        "type": "Transitive",
        "resolved": "10.0.9",
        "contentHash": "Oxn4vqDk+EwceTMpZxVm7L/UZEAM1qIQlNP1+7tBZckD+P4SKrm/5X4gMTPCTdpnau/xY8Sb4/0d6onomSg4ZA==",
        "dependencies": {
          "Microsoft.Extensions.Primitives": "10.0.9"
        }
      },
      "Microsoft.Extensions.FileProviders.Composite": {
        "type": "Transitive",
        "resolved": "10.0.7",
        "contentHash": "WF+lmaHwk+zgOSv4eNeuDyyfqfDaaausNaOFJn1rtmVUWeej1OO6Udmg4fJDQu/sP6gDiWiwPOFey3dW6zqgNA==",
        "dependencies": {
          "Microsoft.Extensions.FileProviders.Abstractions": "10.0.7",
          "Microsoft.Extensions.Primitives": "10.0.7"
        }
      },
      "Microsoft.Extensions.FileProviders.Physical": {
        "type": "Transitive",
        "resolved": "10.0.7",
        "contentHash": "zhgWg/i0ECj5v0jLFBSZHplvc5ygCI91DR4nne+BP4XAKF5ycz0pEKnFiTw8C1jCABJEZsnBZh6pXAvn71kFmw==",
        "dependencies": {
          "Microsoft.Extensions.FileProviders.Abstractions": "10.0.7",
          "Microsoft.Extensions.FileSystemGlobbing": "10.0.7",
          "Microsoft.Extensions.Primitives": "10.0.7"
        }
      },
      "Microsoft.Extensions.FileSystemGlobbing": {
        "type": "Transitive",
        "resolved": "10.0.7",
        "contentHash": "NTUspqB+vH9g4wAD6KPOBx01xqYuKXR/cHXm449zpbq1GqfjdAxBmg7eJXrNsPw7SKwIdT2cJ05GxYVvc+lvsA=="
      },
      "Microsoft.Extensions.Hosting.Abstractions": {
        "type": "Transitive",
        "resolved": "10.0.7",
        "contentHash": "5s8d6qC6EA8UOI4wR/+zlsq7SXttJMRb9d7zvVZ7+bE3CQEfVtC9ITUDCommm87R1zzj6WJBbCnztuIJXnP3DA==",
        "dependencies": {
          "Microsoft.Extensions.Configuration.Abstractions": "10.0.7",
          "Microsoft.Extensions.DependencyInjection.Abstractions": "10.0.7",
          "Microsoft.Extensions.Diagnostics.Abstractions": "10.0.7",
          "Microsoft.Extensions.FileProviders.Abstractions": "10.0.7",
          "Microsoft.Extensions.Logging.Abstractions": "10.0.7"
        }
      },
      "Microsoft.Extensions.Localization": {
        "type": "Transitive",
        "resolved": "10.0.7",
        "contentHash": "xUtyqnk0KSTrX1VZ7z++UlNcVqUQAlKgg2/NqTxmQbW9A26Ia3Zvkd1pIX71koue5F8FtV5pCZqsOlJOycvxMA==",
        "dependencies": {
          "Microsoft.Extensions.DependencyInjection.Abstractions": "10.0.7",
          "Microsoft.Extensions.Localization.Abstractions": "10.0.7",
          "Microsoft.Extensions.Logging.Abstractions": "10.0.7",
          "Microsoft.Extensions.Options": "10.0.7"
        }
      },
      "Microsoft.Extensions.Localization.Abstractions": {
        "type": "Transitive",
        "resolved": "10.0.7",
        "contentHash": "UziyuPCVpRb0PJALYU3enqnYVvyIpdOpfe+DQca81aii1iQTeuxCroaCcOwJpzWUdKBusK9W/9s2G8Zrn+jIXQ=="
      },
      "Microsoft.Extensions.Logging": {
        "type": "Transitive",
        "resolved": "10.0.7",
        "contentHash": "hOeRIQ63GkgiYCB/MIFp+LQs8aXpJXpB55t6Aj37ab7t2/6WeFcPXxYM9hdy/o5tffzwf8mhqzLJP6mjGYCxjw==",
        "dependencies": {
          "Microsoft.Extensions.DependencyInjection": "10.0.7",
          "Microsoft.Extensions.Logging.Abstractions": "10.0.7",
          "Microsoft.Extensions.Options": "10.0.7"
        }
      },
      "Microsoft.Extensions.Logging.Abstractions": {
        "type": "Transitive",
        "resolved": "10.0.7",
        "contentHash": "tIEcQ2gvERrH2KiCjdsVcHGhXt9lIsuDStfOIeZWr7/fP8IXhGiYfx0/80PNI7WPO2IYuFtlZLSlnTS8+/Mchw==",
        "dependencies": {
          "Microsoft.Extensions.DependencyInjection.Abstractions": "10.0.7"
        }
      },
      "Microsoft.Extensions.Options": {
        "type": "Transitive",
        "resolved": "10.0.7",
        "contentHash": "00SHUGTh2jSMvIr6x9Xwd2nE+B5/qFCO/9hDwUDhJsjYRDlADmaBZ7tqehXzBDsfjHSXJzuRHJzPYPPjphBQ7Q==",
        "dependencies": {
          "Microsoft.Extensions.DependencyInjection.Abstractions": "10.0.7",
          "Microsoft.Extensions.Primitives": "10.0.7"
        }
      },
      "Microsoft.Extensions.Options.ConfigurationExtensions": {
        "type": "Transitive",
        "resolved": "10.0.7",
        "contentHash": "IT7f+EMXZtkjatEcF+o6aOw/7OE4etRrMiDGEWH/iiTu2R3uhC4NEQJCfHiibtX45U3sIQ5Fh6tbb1qaOz3YAg==",
        "dependencies": {
          "Microsoft.Extensions.Configuration.Abstractions": "10.0.7",
          "Microsoft.Extensions.Configuration.Binder": "10.0.7",
          "Microsoft.Extensions.DependencyInjection.Abstractions": "10.0.7",
          "Microsoft.Extensions.Options": "10.0.7",
          "Microsoft.Extensions.Primitives": "10.0.7"
        }
      },
      "Microsoft.Extensions.Primitives": {
        "type": "Transitive",
        "resolved": "10.0.9",
        "contentHash": "fmEbAUFsaIKirgLt/lYhuFRBwhcSJN31jjHgCdbQxJiWOum6EdLjkbgGuukSP9z/a+9LibaxII/kF+GwOXgC4g=="
      },
      "Nito.AsyncEx.Context": {
        "type": "Transitive",
        "resolved": "5.1.2",
        "contentHash": "rMwL7Nj3oNyvFu/jxUzQ/YBobEkM2RQHe+5mpCDRyq6mfD7vCj7Z3rjB6XgpM6Mqcx1CA2xGv0ascU/2Xk8IIg==",
        "dependencies": {
          "Nito.AsyncEx.Tasks": "5.1.2"
        }
      },
      "Nito.AsyncEx.Tasks": {
        "type": "Transitive",
        "resolved": "5.1.2",
        "contentHash": "jEkCfR2/M26OK/U4G7SEN063EU/F4LiVA06TtpZILMdX/quIHCg+wn31Zerl2LC+u1cyFancjTY3cNAr2/89PA==",
        "dependencies": {
          "Nito.Disposables": "2.2.1"
        }
      },
      "Nito.Disposables": {
        "type": "Transitive",
        "resolved": "2.2.1",
        "contentHash": "6sZ5uynQeAE9dPWBQGKebNmxbY4xsvcc5VplB5WkYEESUS7oy4AwnFp0FhqxTSKm/PaFrFqLrYr696CYN8cugg=="
      },
      "System.CodeDom": {
        "type": "Transitive",
        "resolved": "10.0.7",
        "contentHash": "bwKU+E9lAt6wRDtSdPnmcnKEev5hpUrQOPBIOVYXfN69GQPYJv9IxeifiBOm53QzYmARUjEKNwPlFALE9Ab53Q=="
      },
      "System.Linq.Dynamic.Core": {
        "type": "Transitive",
        "resolved": "1.6.7",
        "contentHash": "lH+YgtovXbxD6JImHl2VXUtXRUvN8BMEZB2ReZNvS+J5GnGGZV9ivxslQ2nJWmKlBjFTReAKsevnQKE4yLP2pA=="
      },
      "System.Management": {
        "type": "Transitive",
        "resolved": "10.0.7",
        "contentHash": "urkYf/JYCGUSF7+95BF2yM5E+QwnpR1Sf23vBw/niZfNbIkxvwYgRV0eoOq5wmz44JLEZ2Jojxa6nvgkrPVGfg==",
        "dependencies": {
          "System.CodeDom": "10.0.7"
        }
      },
      "Volo.Abp.Core": {
        "type": "Transitive",
        "resolved": "10.4.1",
        "contentHash": "TNmWjD8j/8s1V3OS9F9nNPmLQi8bz+ek5OEKUb6FOkF+rn08jgaknk+aMEdc4FufUBvWloQWgT5ZvdI4k+QcVw==",
        "dependencies": {
          "JetBrains.Annotations": "2025.2.2",
          "Microsoft.Extensions.Configuration.CommandLine": "10.0.7",
          "Microsoft.Extensions.Configuration.EnvironmentVariables": "10.0.7",
          "Microsoft.Extensions.Configuration.UserSecrets": "10.0.7",
          "Microsoft.Extensions.DependencyInjection": "10.0.7",
          "Microsoft.Extensions.Hosting.Abstractions": "10.0.7",
          "Microsoft.Extensions.Localization": "10.0.7",
          "Microsoft.Extensions.Logging": "10.0.7",
          "Microsoft.Extensions.Options": "10.0.7",
          "Microsoft.Extensions.Options.ConfigurationExtensions": "10.0.7",
          "Nito.AsyncEx.Context": "5.1.2",
          "System.Linq.Dynamic.Core": "1.6.7",
          "System.Management": "10.0.7"
        }
      },
      "Volo.Abp.Data": {
        "type": "Transitive",
        "resolved": "10.4.1",
        "contentHash": "V7ffBZfwUI8neYvRm6lmjS5QIgvJYr80OJYfTboSvToDQ0OyHiH/gVA/rqJFthudqvmNKHmc7RBcBxxHrcg9/A==",
        "dependencies": {
          "Volo.Abp.EventBus.Abstractions": "10.4.1",
          "Volo.Abp.ObjectExtending": "10.4.1",
          "Volo.Abp.Uow": "10.4.1"
        }
      },
      "Volo.Abp.EventBus.Abstractions": {
        "type": "Transitive",
        "resolved": "10.4.1",
        "contentHash": "fVa1o0EYBLLfROzC8vwowTjeEFGzbv1F7nEq5jkad5Oni3tsvADn2PKkxirfpEH3niADOAVRrcpusntv5/zbNQ==",
        "dependencies": {
          "Volo.Abp.ObjectExtending": "10.4.1"
        }
      },
      "Volo.Abp.Localization": {
        "type": "Transitive",
        "resolved": "10.4.1",
        "contentHash": "lTl4irsAPH8M8OvOB6WhyEHGYQTfZRPO+i0cG0benums6JYFubqufXI0cSxvsSkwd37w9QzWHx/6+i4fCTghxA==",
        "dependencies": {
          "Volo.Abp.Localization.Abstractions": "10.4.1",
          "Volo.Abp.Settings": "10.4.1",
          "Volo.Abp.Threading": "10.4.1",
          "Volo.Abp.VirtualFileSystem": "10.4.1"
        }
      },
      "Volo.Abp.Localization.Abstractions": {
        "type": "Transitive",
        "resolved": "10.4.1",
        "contentHash": "O/zxXXFTuA9aGEwRLLgEDMpzdW54UcMMnpZH4u/tvsODZAVa2k5ZI1cWV5fGvTLeIhPepdRztfJXDTVk/nYUYw==",
        "dependencies": {
          "Volo.Abp.Core": "10.4.1"
        }
      },
      "Volo.Abp.ObjectExtending": {
        "type": "Transitive",
        "resolved": "10.4.1",
        "contentHash": "SvB9yBrSSq9vyuICp4A3WYv/SJZRyPToyuiTL38429BZ6uiBrcPoZrmTY69GKrlfuMeH7vPpb2gujFd3+IuXLQ==",
        "dependencies": {
          "Volo.Abp.Localization.Abstractions": "10.4.1",
          "Volo.Abp.Validation.Abstractions": "10.4.1"
        }
      },
      "Volo.Abp.Security": {
        "type": "Transitive",
        "resolved": "10.4.1",
        "contentHash": "zuGq2D8XlD49xQ0zYtHzuAv+fH018KBh1vhfru5JzUtalazoCED6J8x7GFDym+cT/vdSRwAVWNybFYKXKV0VWw==",
        "dependencies": {
          "Volo.Abp.Core": "10.4.1"
        }
      },
      "Volo.Abp.Settings": {
        "type": "Transitive",
        "resolved": "10.4.1",
        "contentHash": "jA5cnqU8THLAsfFzyF8n9lsVzLbnSDl5vcko/XIt/ZuWd9GvBO3rT4cPeaCu7Glk5ijxHXmsBpAusRgBthmtFA==",
        "dependencies": {
          "Volo.Abp.Data": "10.4.1",
          "Volo.Abp.Localization.Abstractions": "10.4.1",
          "Volo.Abp.Security": "10.4.1"
        }
      },
      "Volo.Abp.Threading": {
        "type": "Transitive",
        "resolved": "10.4.1",
        "contentHash": "NTGZj+JyKl/oqISNsbDQZzIadW7b0iydGM/9mSu8aaBiEjO4aLlmceIerfZBeuSg2hay1DeGeY7ns2vsr6MHuQ==",
        "dependencies": {
          "Volo.Abp.Core": "10.4.1"
        }
      },
      "Volo.Abp.Uow": {
        "type": "Transitive",
        "resolved": "10.4.1",
        "contentHash": "3LknTFH667luAXZMWz/0JlCRERUcj54XaFFXLgiGzIWrw285bIxE6KlFM/tUVTQh7daT15MsI7QMDt40o6AHww==",
        "dependencies": {
          "Volo.Abp.Core": "10.4.1"
        }
      },
      "Volo.Abp.Validation.Abstractions": {
        "type": "Transitive",
        "resolved": "10.4.1",
        "contentHash": "9gLbk9YnspG/+ghmqic7Hqerc08/UI20HiMKinsBdeQJAJN/1l41yn9t3TthD+6dChq8Gdvvu+mNC2ivuydziw==",
        "dependencies": {
          "Volo.Abp.Core": "10.4.1"
        }
      },
      "Volo.Abp.VirtualFileSystem": {
        "type": "Transitive",
        "resolved": "10.4.1",
        "contentHash": "GlaXPF3V2mX6/DQp1TWYjIaFFF3BpRbz0dPgjkiRoXMITH0TxL1wGpkNTpBYXLri2QM3La65stTUGb0IeL0hbQ==",
        "dependencies": {
          "Microsoft.Extensions.FileProviders.Composite": "10.0.7",
          "Microsoft.Extensions.FileProviders.Embedded": "10.0.7",
          "Microsoft.Extensions.FileProviders.Physical": "10.0.7",
          "Volo.Abp.Core": "10.4.1"
        }
      }
    }
  }
}